
Microsoft Visual Studio Solution File, Format Version 12.00
# Visual Studio Version 16
VisualStudioVersion = 16.0.31205.134
MinimumVisualStudioVersion = 10.0.40219.1
Project("{FAE04EC0-301F-11D3-BF4B-00C04F79EFBC}") = "Assignment 1", "Assignment 1\Assignment 1.csproj", "{9366D594-9603-441F-9A17-7863C96DCB70}"
EndProject
Global
	GlobalSection(SolutionConfigurationPlatforms) = preSolution
		Debug|Any CPU = Debug|Any CPU
		Release|Any CPU = Release|Any CPU
	EndGlobalSection
	GlobalSection(ProjectConfigurationPlatforms) = postSolution
		{9366D594-9603-441F-9A17-7863C96DCB70}.Debug|Any CPU.ActiveCfg = Debug|Any CPU
		{9366D594-9603-441F-9A17-7863C96DCB70}.Debug|Any CPU.Build.0 = Debug|Any CPU
		{9366D594-9603-441F-9A17-7863C96DCB70}.Release|Any CPU.ActiveCfg = Release|Any CPU
		{9366D594-9603-441F-9A17-7863C96DCB70}.Release|Any CPU.Build.0 = Release|Any CPU
	EndGlobalSection
	GlobalSection(SolutionProperties) = preSolution
		HideSolutionNode = FALSE
	EndGlobalSection
	GlobalSection(ExtensibilityGlobals) = postSolution
		SolutionGuid = {F475EE77-A45A-4AAF-8863-F84EC5AA8F15}
	EndGlobalSection
EndGlobal
